
Microsoft Visual Studio Solution File, Format Version 12.00
# Visual Studio Version 16
VisualStudioVersion = 16.0.29905.134
MinimumVisualStudioVersion = 10.0.40219.1
Project("{9A19103F-16F7-4668-BE54-9A1E7A4F7556}") = "ECommerceDemo", "ECommerceDemo\ECommerceDemo.csproj", "{2F8035F8-9A94-4379-B6AA-70F2982D428C}"
EndProject
Project("{9A19103F-16F7-4668-BE54-9A1E7A4F7556}") = "WebApI", "WebAPI\WebApplication1\WebApI.csproj", "{14DA3079-75F5-4F05-84A6-E3B4A69EA95A}"
EndProject
Global
	GlobalSection(SolutionConfigurationPlatforms) = preSolution
		Debug|Any CPU = Debug|Any CPU
		Release|Any CPU = Release|Any CPU
	EndGlobalSection
	GlobalSection(ProjectConfigurationPlatforms) = postSolution
		{2F8035F8-9A94-4379-B6AA-70F2982D428C}.Debug|Any CPU.ActiveCfg = Debug|Any CPU
		{2F8035F8-9A94-4379-B6AA-70F2982D428C}.Debug|Any CPU.Build.0 = Debug|Any CPU
		{2F8035F8-9A94-4379-B6AA-70F2982D428C}.Release|Any CPU.ActiveCfg = Release|Any CPU
		{2F8035F8-9A94-4379-B6AA-70F2982D428C}.Release|Any CPU.Build.0 = Release|Any CPU
		{14DA3079-75F5-4F05-84A6-E3B4A69EA95A}.Debug|Any CPU.ActiveCfg = Debug|Any CPU
		{14DA3079-75F5-4F05-84A6-E3B4A69EA95A}.Debug|Any CPU.Build.0 = Debug|Any CPU
		{14DA3079-75F5-4F05-84A6-E3B4A69EA95A}.Release|Any CPU.ActiveCfg = Release|Any CPU
		{14DA3079-75F5-4F05-84A6-E3B4A69EA95A}.Release|Any CPU.Build.0 = Release|Any CPU
	EndGlobalSection
	GlobalSection(SolutionProperties) = preSolution
		HideSolutionNode = FALSE
	EndGlobalSection
	GlobalSection(ExtensibilityGlobals) = postSolution
		SolutionGuid = {6F698402-66F3-4B38-AA80-C672A630DD62}
	EndGlobalSection
EndGlobal
